
Microsoft Visual Studio Solution File, Format Version 12.00
# Visual Studio 2015
Project("{FAE04EC0-301F-11D3-BF4B-00C04F79EFBC}") = "Network test.CSharp", "Network test.CSharp.csproj", "{AFA0ECBD-C429-37BE-9BF3-6466B1DCA49B}"
EndProject
Global
	GlobalSection(SolutionConfigurationPlatforms) = preSolution
		Debug|Any CPU = Debug|Any CPU
		Release|Any CPU = Release|Any CPU
	EndGlobalSection
	GlobalSection(ProjectConfigurationPlatforms) = postSolution
		{AFA0ECBD-C429-37BE-9BF3-6466B1DCA49B}.Debug|Any CPU.ActiveCfg = Debug|Any CPU
		{AFA0ECBD-C429-37BE-9BF3-6466B1DCA49B}.Debug|Any CPU.Build.0 = Debug|Any CPU
		{AFA0ECBD-C429-37BE-9BF3-6466B1DCA49B}.Release|Any CPU.ActiveCfg = Release|Any CPU
		{AFA0ECBD-C429-37BE-9BF3-6466B1DCA49B}.Release|Any CPU.Build.0 = Release|Any CPU
	EndGlobalSection
	GlobalSection(SolutionProperties) = preSolution
		HideSolutionNode = FALSE
	EndGlobalSection
EndGlobal
